dependencies:
- name: common-helpers
  repository: oci://ghcr.io/webgrip/common-charts
  version: 1.0.13
- name: freshrss
  repository: oci://tccr.io/truecharts
  version: 21.3.1
digest: sha256:dc05946e8fa8e1fd64dbed61ca7560a261accd955b69596d5e33be853dd6ce00
generated: "2025-08-17T22:21:53.301783107+02:00"
